// !$*UTF8*$!
{
	archiveVersion = 1;
	classes = {
	};
	objectVersion = 46;
	objects = {

/* Begin PBXBuildFile section */
		1604EF141C7ABF2100C6B650 /* AppDelegate.swift in Sources */ = {isa = PBXBuildFile; fileRef = 1604EF131C7ABF2100C6B650 /* AppDelegate.swift */; };
		1604EF161C7ABF2100C6B650 /* ViewController.swift in Sources */ = {isa = PBXBuildFile; fileRef = 1604EF151C7ABF2100C6B650 /* ViewController.swift */; };
		1604EF191C7ABF2100C6B650 /* Main.storyboard in Resources */ = {isa = PBXBuildFile; fileRef = 1604EF171C7ABF2100C6B650 /* Main.storyboard */; };
		1604EF1B1C7ABF2100C6B650 /* Assets.xcassets in Resources */ = {isa = PBXBuildFile; fileRef = 1604EF1A1C7ABF2100C6B650 /* Assets.xcassets */; };
		1604EF1E1C7ABF2100C6B650 /* LaunchScreen.storyboard in Resources */ = {isa = PBXBuildFile; fileRef = 1604EF1C1C7ABF2100C6B650 /* LaunchScreen.storyboard */; };
		1604EF291C7ABF2200C6B650 /* iReminderTests.swift in Sources */ = {isa = PBXBuildFile; fileRef = 1604EF281C7ABF2200C6B650 /* iReminderTests.swift */; };
		D91025171C7B9DAA00ED6B75 /* RatingControl.swift in Sources */ = {isa = PBXBuildFile; fileRef = D91025161C7B9DAA00ED6B75 /* RatingControl.swift */; };
/* End PBXBuildFile section */

/* Begin PBXContainerItemProxy section */
		1604EF251C7ABF2100C6B650 /* PBXContainerItemProxy */ = {
			isa = PBXContainerItemProxy;
			containerPortal = 1604EF081C7ABF2100C6B650 /* Project object */;
			proxyType = 1;
			remoteGlobalIDString = 1604EF0F1C7ABF2100C6B650;
			remoteInfo = iReminder;
		};
/* End PBXContainerItemProxy section */

/* Begin PBXFileReference section */
		1604EF101C7ABF2100C6B650 /* iReminder.app */ = {isa = PBXFileReference; explicitFileType = wrapper.application; includeInIndex = 0; path = iReminder.app; sourceTree = BUILT_PRODUCTS_DIR; };
		1604EF131C7ABF2100C6B650 /* AppDelegate.swift */ = {isa = PBXFileReference; lastKnownFileType = sourcecode.swift; path = AppDelegate.swift; sourceTree = "<group>"; };
		1604EF151C7ABF2100C6B650 /* ViewController.swift */ = {isa = PBXFileReference; lastKnownFileType = sourcecode.swift; path = ViewController.swift; sourceTree = "<group>"; };
		1604EF181C7ABF2100C6B650 /* Base */ = {isa = PBXFileReference; lastKnownFileType = file.storyboard; name = Base; path = Base.lproj/Main.storyboard; sourceTree = "<group>"; };
		1604EF1A1C7ABF2100C6B650 /* Assets.xcassets */ = {isa = PBXFileReference; lastKnownFileType = folder.assetcatalog; path = Assets.xcassets; sourceTree = "<group>"; };
		1604EF1D1C7ABF2100C6B650 /* Base */ = {isa = PBXFileReference; lastKnownFileType = file.storyboard; name = Base; path = Base.lproj/LaunchScreen.storyboard; sourceTree = "<group>"; };
		1604EF1F1C7ABF2100C6B650 /* Info.plist */ = {isa = PBXFileReference; lastKnownFileType = text.plist.xml; path = Info.plist; sourceTree = "<group>"; };
		1604EF241C7ABF2100C6B650 /* iReminderTests.xctest */ = {isa = PBXFileReference; explicitFileType = wrapper.cfbundle; includeInIndex = 0; path = iReminderTests.xctest; sourceTree = BUILT_PRODUCTS_DIR; };
		1604EF281C7ABF2200C6B650 /* iReminderTests.swift */ = {isa = PBXFileReference; lastKnownFileType = sourcecode.swift; path = iReminderTests.swift; sourceTree = "<group>"; };
		1604EF2A1C7ABF2200C6B650 /* Info.plist */ = {isa = PBXFileReference; lastKnownFileType = text.plist.xml; path = Info.plist; sourceTree = "<group>"; };
		D91025161C7B9DAA00ED6B75 /* RatingControl.swift */ = {isa = PBXFileReference; fileEncoding = 4; lastKnownFileType = sourcecode.swift; path = RatingControl.swift; sourceTree = "<group>"; };
/* End PBXFileReference section */

/* Begin PBXFrameworksBuildPhase section */
		1604EF0D1C7ABF2100C6B650 /* Frameworks */ = {
			isa = PBXFrameworksBuildPhase;
			buildActionMask = 2147483647;
			files = (
			);
			runOnlyForDeploymentPostprocessing = 0;
		};
		1604EF211C7ABF2100C6B650 /* Frameworks */ = {
			isa = PBXFrameworksBuildPhase;
			buildActionMask = 2147483647;
			files = (
			);
			runOnlyForDeploymentPostprocessing = 0;
		};
/* End PBXFrameworksBuildPhase section */

/* Begin PBXGroup section */
		1604EF071C7ABF2100C6B650 = {
			isa = PBXGroup;
			children = (
				1604EF121C7ABF2100C6B650 /* iReminder */,
				1604EF271C7ABF2100C6B650 /* iReminderTests */,
				1604EF111C7ABF2100C6B650 /* Products */,
			);
			sourceTree = "<group>";
		};
		1604EF111C7ABF2100C6B650 /* Products */ = {
			isa = PBXGroup;
			children = (
				1604EF101C7ABF2100C6B650 /* iReminder.app */,
				1604EF241C7ABF2100C6B650 /* iReminderTests.xctest */,
			);
			name = Products;
			sourceTree = "<group>";
		};
		1604EF121C7ABF2100C6B650 /* iReminder */ = {
			isa = PBXGroup;
			children = (
				1604EF131C7ABF2100C6B650 /* AppDelegate.swift */,
				1604EF151C7ABF2100C6B650 /* ViewController.swift */,
				1604EF171C7ABF2100C6B650 /* Main.storyboard */,
				1604EF1A1C7ABF2100C6B650 /* Assets.xcassets */,
				1604EF1C1C7ABF2100C6B650 /* LaunchScreen.storyboard */,
				1604EF1F1C7ABF2100C6B650 /* Info.plist */,
				D91025161C7B9DAA00ED6B75 /* RatingControl.swift */,
			);
			path = iReminder;
			sourceTree = "<group>";
		};
		1604EF271C7ABF2100C6B650 /* iReminderTests */ = {
			isa = PBXGroup;
			children = (
				1604EF281C7ABF2200C6B650 /* iReminderTests.swift */,
				1604EF2A1C7ABF2200C6B650 /* Info.plist */,
			);
			path = iReminderTests;
			sourceTree = "<group>";
		};
/* End PBXGroup section */

/* Begin PBXNativeTarget section */
		1604EF0F1C7ABF2100C6B650 /* iReminder */ = {
			isa = PBXNativeTarget;
			buildConfigurationList = 1604EF2D1C7ABF2200C6B650 /* Build configuration list for PBXNativeTarget "iReminder" */;
			buildPhases = (
				1604EF0C1C7ABF2100C6B650 /* Sources */,
				1604EF0D1C7ABF2100C6B650 /* Frameworks */,
				1604EF0E1C7ABF2100C6B650 /* Resources */,
			);
			buildRules = (
			);
			dependencies = (
			);
			name = iReminder;
			productName = iReminder;
			productReference = 1604EF101C7ABF2100C6B650 /* iReminder.app */;
			productType = "com.apple.product-type.application";
		};
		1604EF231C7ABF2100C6B650 /* iReminderTests */ = {
			isa = PBXNativeTarget;
			buildConfigurationList = 1604EF301C7ABF2200C6B650 /* Build configuration list for PBXNativeTarget "iReminderTests" */;
			buildPhases = (
				1604EF201C7ABF2100C6B650 /* Sources */,
				1604EF211C7ABF2100C6B650 /* Frameworks */,
				1604EF221C7ABF2100C6B650 /* Resources */,
			);
			buildRules = (
			);
			dependencies = (
				1604EF261C7ABF2100C6B650 /* PBXTargetDependency */,
			);
			name = iReminderTests;
			productName = iReminderTests;
			productReference = 1604EF241C7ABF2100C6B650 /* iReminderTests.xctest */;
			productType = "com.apple.product-type.bundle.unit-test";
		};
/* End PBXNativeTarget section */

/* Begin PBXProject section */
		1604EF081C7ABF2100C6B650 /* Project object */ = {
			isa = PBXProject;
			attributes = {
				LastSwiftUpdateCheck = 0720;
				LastUpgradeCheck = 0720;
				ORGANIZATIONNAME = "Dylan Hellems";
				TargetAttributes = {
					1604EF0F1C7ABF2100C6B650 = {
						CreatedOnToolsVersion = 7.2;
						DevelopmentTeam = N7N29RTL9W;
					};
					1604EF231C7ABF2100C6B650 = {
						CreatedOnToolsVersion = 7.2;
						DevelopmentTeam = N7N29RTL9W;
						TestTargetID = 1604EF0F1C7ABF2100C6B650;
					};
				};
			};
			buildConfigurationList = 1604EF0B1C7ABF2100C6B650 /* Build configuration list for PBXProject "iReminder" */;
			compatibilityVersion = "Xcode 3.2";
			developmentRegion = English;
			hasScannedForEncodings = 0;
			knownRegions = (
				en,
				Base,
			);
			mainGroup = 1604EF071C7ABF2100C6B650;
			productRefGroup = 1604EF111C7ABF2100C6B650 /* Products */;
			projectDirPath = "";
			projectRoot = "";
			targets = (
				1604EF0F1C7ABF2100C6B650 /* iReminder */,
				1604EF231C7ABF2100C6B650 /* iReminderTests */,
			);
		};
/* End PBXProject section */

/* Begin PBXResourcesBuildPhase section */
		1604EF0E1C7ABF2100C6B650 /* Resources */ = {
			isa = PBXResourcesBuildPhase;
			buildActionMask = 2147483647;
			files = (
				1604EF1E1C7ABF2100C6B650 /* LaunchScreen.storyboard in Resources */,
				1604EF1B1C7ABF2100C6B650 /* Assets.xcassets in Resources */,
				1604EF191C7ABF2100C6B650 /* Main.storyboard in Resources */,
			);
			runOnlyForDeploymentPostprocessing = 0;
		};
		1604EF221C7ABF2100C6B650 /* Resources */ = {
			isa = PBXResourcesBuildPhase;
			buildActionMask = 2147483647;
			files = (
			);
			runOnlyForDeploymentPostprocessing = 0;
		};
/* End PBXResourcesBuildPhase section */

/* Begin PBXSourcesBuildPhase section */
		1604EF0C1C7ABF2100C6B650 /* Sources */ = {
			isa = PBXSourcesBuildPhase;
			buildActionMask = 2147483647;
			files = (
				1604EF161C7ABF2100C6B650 /* ViewController.swift in Sources */,
				D91025171C7B9DAA00ED6B75 /* RatingControl.swift in Sources */,
				1604EF141C7ABF2100C6B650 /* AppDelegate.swift in Sources */,
			);
			runOnlyForDeploymentPostprocessing = 0;
		};
		1604EF201C7ABF2100C6B650 /* Sources */ = {
			isa = PBXSourcesBuildPhase;
			buildActionMask = 2147483647;
			files = (
				1604EF291C7ABF2200C6B650 /* iReminderTests.swift in Sources */,
			);
			runOnlyForDeploymentPostprocessing = 0;
		};
/* End PBXSourcesBuildPhase section */

/* Begin PBXTargetDependency section */
		1604EF261C7ABF2100C6B650 /* PBXTargetDependency */ = {
			isa = PBXTargetDependency;
			target = 1604EF0F1C7ABF2100C6B650 /* iReminder */;
			targetProxy = 1604EF251C7ABF2100C6B650 /* PBXContainerItemProxy */;
		};
/* End PBXTargetDependency section */

/* Begin PBXVariantGroup section */
		1604EF171C7ABF2100C6B650 /* Main.storyboard */ = {
			isa = PBXVariantGroup;
			children = (
				1604EF181C7ABF2100C6B650 /* Base */,
			);
			name = Main.storyboard;
			sourceTree = "<group>";
		};
		1604EF1C1C7ABF2100C6B650 /* LaunchScreen.storyboard */ = {
			isa = PBXVariantGroup;
			children = (
				1604EF1D1C7ABF2100C6B650 /* Base */,
			);
			name = LaunchScreen.storyboard;
			sourceTree = "<group>";
		};
/* End PBXVariantGroup section */

/* Begin XCBuildConfiguration section */
		1604EF2B1C7ABF2200C6B650 /* Debug */ = {
			isa = XCBuildConfiguration;
			buildSettings = {
				ALWAYS_SEARCH_USER_PATHS = NO;
				CLANG_CXX_LANGUAGE_STANDARD = "gnu++0x";
				CLANG_CXX_LIBRARY = "libc++";
				CLANG_ENABLE_MODULES = YES;
				CLANG_ENABLE_OBJC_ARC = YES;
				CLANG_WARN_BOOL_CONVERSION = YES;
				CLANG_WARN_CONSTANT_CONVERSION = YES;
				CLANG_WARN_DIRECT_OBJC_ISA_USAGE = YES_ERROR;
				CLANG_WARN_EMPTY_BODY = YES;
				CLANG_WARN_ENUM_CONVERSION = YES;
				CLANG_WARN_INT_CONVERSION = YES;
				CLANG_WARN_OBJC_ROOT_CLASS = YES_ERROR;
				CLANG_WARN_UNREACHABLE_CODE = YES;
				CLANG_WARN__DUPLICATE_METHOD_MATCH = YES;
				"CODE_SIGN_IDENTITY[sdk=iphoneos*]" = "iPhone Developer";
				COPY_PHASE_STRIP = NO;
				DEBUG_INFORMATION_FORMAT = dwarf;
				ENABLE_STRICT_OBJC_MSGSEND = YES;
				ENABLE_TESTABILITY = YES;
				GCC_C_LANGUAGE_STANDARD = gnu99;
				GCC_DYNAMIC_NO_PIC = NO;
				GCC_NO_COMMON_BLOCKS = YES;
				GCC_OPTIMIZATION_LEVEL = 0;
				GCC_PREPROCESSOR_DEFINITIONS = (
					"DEBUG=1",
					"$(inherited)",
				);
				GCC_WARN_64_TO_32_BIT_CONVERSION = YES;
				GCC_WARN_ABOUT_RETURN_TYPE = YES_ERROR;
				GCC_WARN_UNDECLARED_SELECTOR = YES;
				GCC_WARN_UNINITIALIZED_AUTOS = YES_AGGRESSIVE;
				GCC_WARN_UNUSED_FUNCTION = YES;
				GCC_WARN_UNUSED_VARIABLE = YES;
				IPHONEOS_DEPLOYMENT_TARGET = 9.2;
				MTL_ENABLE_DEBUG_INFO = YES;
				ONLY_ACTIVE_ARCH = YES;
				SDKROOT = iphoneos;
				SWIFT_OPTIMIZATION_LEVEL = "-Onone";
				TARGETED_DEVICE_FAMILY = "1,2";
			};
			name = Debug;
		};
		1604EF2C1C7ABF2200C6B650 /* Release */ = {
			isa = XCBuildConfiguration;
			buildSettings = {
				ALWAYS_SEARCH_USER_PATHS = NO;
				CLANG_CXX_LANGUAGE_STANDARD = "gnu++0x";
				CLANG_CXX_LIBRARY = "libc++";
				CLANG_ENABLE_MODULES = YES;
				CLANG_ENABLE_OBJC_ARC = YES;
				CLANG_WARN_BOOL_CONVERSION = YES;
				CLANG_WARN_CONSTANT_CONVERSION = YES;
				CLANG_WARN_DIRECT_OBJC_ISA_USAGE = YES_ERROR;
				CLANG_WARN_EMPTY_BODY = YES;
				CLANG_WARN_ENUM_CONVERSION = YES;
				CLANG_WARN_INT_CONVERSION = YES;
				CLANG_WARN_OBJC_ROOT_CLASS = YES_ERROR;
				CLANG_WARN_UNREACHABLE_CODE = YES;
				CLANG_WARN__DUPLICATE_METHOD_MATCH = YES;
				"CODE_SIGN_IDENTITY[sdk=iphoneos*]" = "iPhone Developer";
				COPY_PHASE_STRIP = NO;
				DEBUG_INFORMATION_FORMAT = "dwarf-with-dsym";
				ENABLE_NS_ASSERTIONS = NO;
				ENABLE_STRICT_OBJC_MSGSEND = YES;
				GCC_C_LANGUAGE_STANDARD = gnu99;
				GCC_NO_COMMON_BLOCKS = YES;
				GCC_WARN_64_TO_32_BIT_CONVERSION = YES;
				GCC_WARN_ABOUT_RETURN_TYPE = YES_ERROR;
				GCC_WARN_UNDECLARED_SELECTOR = YES;
				GCC_WARN_UNINITIALIZED_AUTOS = YES_AGGRESSIVE;
				GCC_WARN_UNUSED_FUNCTION = YES;
				GCC_WARN_UNUSED_VARIABLE = YES;
				IPHONEOS_DEPLOYMENT_TARGET = 9.2;
				MTL_ENABLE_DEBUG_INFO = NO;
				SDKROOT = iphoneos;
				TARGETED_DEVICE_FAMILY = "1,2";
				VALIDATE_PRODUCT = YES;
			};
			name = Release;
		};
		1604EF2E1C7ABF2200C6B650 /* Debug */ = {
			isa = XCBuildConfiguration;
			buildSettings = {
				ASSETCATALOG_COMPILER_APPICON_NAME = AppIcon;
				INFOPLIST_FILE = iReminder/Info.plist;
				LD_RUNPATH_SEARCH_PATHS = "$(inherited) @executable_path/Frameworks";
				PRODUCT_BUNDLE_IDENTIFIER = edu.virginia.cs.djh5sc.iReminder;
				PRODUCT_NAME = "$(TARGET_NAME)";
			};
			name = Debug;
		};
		1604EF2F1C7ABF2200C6B650 /* Release */ = {
			isa = XCBuildConfiguration;
			buildSettings = {
				ASSETCATALOG_COMPILER_APPICON_NAME = AppIcon;
				INFOPLIST_FILE = iReminder/Info.plist;
				LD_RUNPATH_SEARCH_PATHS = "$(inherited) @executable_path/Frameworks";
				PRODUCT_BUNDLE_IDENTIFIER = edu.virginia.cs.djh5sc.iReminder;
				PRODUCT_NAME = "$(TARGET_NAME)";
			};
			name = Release;
		};
		1604EF311C7ABF2200C6B650 /* Debug */ = {
			isa = XCBuildConfiguration;
			buildSettings = {
				BUNDLE_LOADER = "$(TEST_HOST)";
				INFOPLIST_FILE = iReminderTests/Info.plist;
				LD_RUNPATH_SEARCH_PATHS = "$(inherited) @executable_path/Frameworks @loader_path/Frameworks";
				PRODUCT_BUNDLE_IDENTIFIER = edu.virginia.cs.djh5sc.iReminderTests;
				PRODUCT_NAME = "$(TARGET_NAME)";
				TEST_HOST = "$(BUILT_PRODUCTS_DIR)/iReminder.app/iReminder";
			};
			name = Debug;
		};
		1604EF321C7ABF2200C6B650 /* Release */ = {
			isa = XCBuildConfiguration;
			buildSettings = {
				BUNDLE_LOADER = "$(TEST_HOST)";
				INFOPLIST_FILE = iReminderTests/Info.plist;
				LD_RUNPATH_SEARCH_PATHS = "$(inherited) @executable_path/Frameworks @loader_path/Frameworks";
				PRODUCT_BUNDLE_IDENTIFIER = edu.virginia.cs.djh5sc.iReminderTests;
				PRODUCT_NAME = "$(TARGET_NAME)";
				TEST_HOST = "$(BUILT_PRODUCTS_DIR)/iReminder.app/iReminder";
			};
			name = Release;
		};
/* End XCBuildConfiguration section */

/* Begin XCConfigurationList section */
		1604EF0B1C7ABF2100C6B650 /* Build configuration list for PBXProject "iReminder" */ = {
			isa = XCConfigurationList;
			buildConfigurations = (
				1604EF2B1C7ABF2200C6B650 /* Debug */,
				1604EF2C1C7ABF2200C6B650 /* Release */,
			);
			defaultConfigurationIsVisible = 0;
			defaultConfigurationName = Release;
		};
		1604EF2D1C7ABF2200C6B650 /* Build configuration list for PBXNativeTarget "iReminder" */ = {
			isa = XCConfigurationList;
			buildConfigurations = (
				1604EF2E1C7ABF2200C6B650 /* Debug */,
				1604EF2F1C7ABF2200C6B650 /* Release */,
			);
			defaultConfigurationIsVisible = 0;
			defaultConfigurationName = Release;
		};
		1604EF301C7ABF2200C6B650 /* Build configuration list for PBXNativeTarget "iReminderTests" */ = {
			isa = XCConfigurationList;
			buildConfigurations = (
				1604EF311C7ABF2200C6B650 /* Debug */,
				1604EF321C7ABF2200C6B650 /* Release */,
			);
			defaultConfigurationIsVisible = 0;
			defaultConfigurationName = Release;
		};
/* End XCConfigurationList section */
	};
	rootObject = 1604EF081C7ABF2100C6B650 /* Project object */;
}
